github.com/gammazero/deque v1.2.0 h1:scEFO8Uidhw6KDU5qg1HA5fYwM0+us2qdeJqm43bitU=
github.com/gammazero/deque v1.2.0/go.mod h1:JVrR+Bj1NMQbPnYclvDlvSX0nVGReLrQZ0aUMuWLctg=
github.com/magefile/mage v1.15.0 h1:BvGheCMAsG3bWUDbZ8AyXXpCNwU9u5CB6sM+HNb9HYg=
github.com/magefile/mage v1.15.0/go.mod h1:z5UZb/iS3GoOSn0JgWuiw7dxlurVYTu+/jHXqQg881A=
